# This file is automatically @generated by Cargo.
# It is not intended for manual editing.
[[package]]
name = "itoa"
version = "0.4.4"
source = "registry+https://github.com/rust-lang/crates.io-index"
checksum = "501266b7edd0174f8530248f87f99c88fbe60ca4ef3dd486835b8d8d53136f7f"

[[package]]
name = "proc-macro2"
version = "1.0.6"
source = "registry+https://github.com/rust-lang/crates.io-index"
checksum = "9c9e470a8dc4aeae2dee2f335e8f533e2d4b347e1434e5671afc49b054592f27"
dependencies = [
 "unicode-xid",
]

[[package]]
name = "quote"
version = "1.0.2"
source = "registry+https://github.com/rust-lang/crates.io-index"
checksum = "053a8c8bcc71fcce321828dc897a98ab9760bef03a4fc36693c231e5b3216cfe"
dependencies = [
 "proc-macro2",
]

[[package]]
name = "ryu"
version = "1.0.2"
source = "registry+https://github.com/rust-lang/crates.io-index"
checksum = "bfa8506c1de11c9c4e4c38863ccbe02a305c8188e85a05a784c9e11e1c3910c8"

[[package]]
name = "serde"
version = "1.0.102"
source = "git+https://github.com/swfsql/serde?branch=serde-custom-symbol#c183625898a329b5bfd2c3cb8a18f3010adb9aeb"
dependencies = [
 "serde_derive 1.0.102 (git+https://github.com/swfsql/serde?branch=serde-custom-symbol)",
]

[[package]]
name = "serde"
version = "1.0.102"
source = "git+https://github.com/swfsql/serde?branch=serde-custom-symbol-2#7a41a374cc666567026634345a7a2fad6dc397c7"
dependencies = [
 "serde_derive 1.0.102 (git+https://github.com/swfsql/serde?branch=serde-custom-symbol-2)",
]

[[package]]
name = "serde_derive"
version = "1.0.102"
source = "git+https://github.com/swfsql/serde?branch=serde-custom-symbol#c183625898a329b5bfd2c3cb8a18f3010adb9aeb"
dependencies = [
 "proc-macro2",
 "quote",
 "syn",
]

[[package]]
name = "serde_derive"
version = "1.0.102"
source = "git+https://github.com/swfsql/serde?branch=serde-custom-symbol-2#7a41a374cc666567026634345a7a2fad6dc397c7"
dependencies = [
 "proc-macro2",
 "quote",
 "syn",
]

[[package]]
name = "serde_json"
version = "1.0.41"
source = "git+https://github.com/swfsql/json?branch=serde-custom-symbol#432f334eb7a873a76874be6587c1144e61c83c1d"
dependencies = [
 "itoa",
 "ryu",
 "serde 1.0.102 (git+https://github.com/swfsql/serde?branch=serde-custom-symbol)",
]

[[package]]
name = "serde_json"
version = "1.0.41"
source = "git+https://github.com/swfsql/json?branch=serde-custom-symbol-2#a65208296340e19ae98fe377228d0893139ba7a3"
dependencies = [
 "itoa",
 "ryu",
 "serde 1.0.102 (git+https://github.com/swfsql/serde?branch=serde-custom-symbol-2)",
]

[[package]]
name = "serde_many"
version = "0.1.0"
dependencies = [
 "serde 1.0.102 (git+https://github.com/swfsql/serde?branch=serde-custom-symbol)",
 "serde 1.0.102 (git+https://github.com/swfsql/serde?branch=serde-custom-symbol-2)",
 "serde_json 1.0.41 (git+https://github.com/swfsql/json?branch=serde-custom-symbol)",
 "serde_json 1.0.41 (git+https://github.com/swfsql/json?branch=serde-custom-symbol-2)",
]

[[package]]
name = "syn"
version = "1.0.8"
source = "registry+https://github.com/rust-lang/crates.io-index"
checksum = "661641ea2aa15845cddeb97dad000d22070bb5c1fb456b96c1cba883ec691e92"
dependencies = [
 "proc-macro2",
 "quote",
 "unicode-xid",
]

[[package]]
name = "unicode-xid"
version = "0.2.0"
source = "registry+https://github.com/rust-lang/crates.io-index"
checksum = "826e7639553986605ec5979c7dd957c7895e93eabed50ab2ffa7f6128a75097c"
